# This file was autogenerated by Stack.
# You should not edit this file by hand.
# For more information, please see the documentation at:
#   https://docs.haskellstack.org/en/stable/lock_files

packages:
- completed:
    hackage: iris-0.1.0.0@sha256:dd6d664b87dc78b9a2f3b7316dedb5aacdaebb84083f97c50625c5d445edf288,3787
    pantry-tree:
      sha256: c4273cac72fa250b4e3dc25dbb408589b5c7a63e02d6eb18b80ce3ebf342b3c4
      size: 1614
  original:
    hackage: iris-0.1.0.0
- completed:
    hackage: pretty-terminal-0.1.0.0@sha256:e9135d86ebb2a8e3aaf5a79088de4628dbd49988388e0fbfc26c5ecb3c399ad9,1638
    pantry-tree:
      sha256: fecec01e618890c284e57cb873b8f9531f479562b7cf08497aef097da3ef90ec
      size: 385
  original:
    hackage: pretty-terminal-0.1.0.0
- completed:
    hackage: toml-parser-1.1.1.0@sha256:670b977618e7fa476460535c4ccdcb70b090387e5394ac050e41b4334fda0b11,2572
    pantry-tree:
      sha256: d9cb146694f9fa9abced301a95058cebc7fe0c1e44813ef9da253914d6fb049c
      size: 1599
  original:
    hackage: toml-parser-1.1.1.0
snapshots:
- completed:
    sha256: c4381351ba5837a6356fcc0ebeb7a61fdcaf3a085c903a6f730f56b131d5cb58
    size: 639143
    url: https://raw.githubusercontent.com/commercialhaskell/stackage-snapshots/master/lts/21/1.yaml
  original:
    url: https://raw.githubusercontent.com/commercialhaskell/stackage-snapshots/master/lts/21/1.yaml
